
Microsoft Visual Studio Solution File, Format Version 12.00
# Visual Studio Version 16
VisualStudioVersion = 16.0.29920.165
MinimumVisualStudioVersion = 10.0.40219.1
Project("{FAE04EC0-301F-11D3-BF4B-00C04F79EFBC}") = "digibox.apps", "digibox.apps\digibox.apps.csproj", "{F8EEA7B3-D76E-47BD-9DBB-FBB0C944A06F}"
EndProject
Project("{FAE04EC0-301F-11D3-BF4B-00C04F79EFBC}") = "digibox.data", "digibox.data\digibox.data.csproj", "{F014BC3A-729C-4076-B0E0-F5E6A5975704}"
EndProject
Project("{FAE04EC0-301F-11D3-BF4B-00C04F79EFBC}") = "digibox.services", "digibox.services\digibox.services.csproj", "{E737484C-8C82-4470-9A2F-7E8FDEE2A6F6}"
EndProject
Project("{FAE04EC0-301F-11D3-BF4B-00C04F79EFBC}") = "digibox.wind", "digibox.wind\digibox.wind.csproj", "{DE6CE30F-B6B4-4D9B-9CDB-859C3FD3B5DB}"
EndProject
Project("{FAE04EC0-301F-11D3-BF4B-00C04F79EFBC}") = "digibox.lib", "digibox.lib\digibox.lib.csproj", "{4943A3A4-575A-47BB-AD3B-708216CFF59A}"
EndProject
Global
	GlobalSection(SolutionConfigurationPlatforms) = preSolution
		Debug|Any CPU = Debug|Any CPU
		Release|Any CPU = Release|Any CPU
	EndGlobalSection
	GlobalSection(ProjectConfigurationPlatforms) = postSolution
		{F8EEA7B3-D76E-47BD-9DBB-FBB0C944A06F}.Debug|Any CPU.ActiveCfg = Debug|Any CPU
		{F8EEA7B3-D76E-47BD-9DBB-FBB0C944A06F}.Debug|Any CPU.Build.0 = Debug|Any CPU
		{F8EEA7B3-D76E-47BD-9DBB-FBB0C944A06F}.Release|Any CPU.ActiveCfg = Release|Any CPU
		{F8EEA7B3-D76E-47BD-9DBB-FBB0C944A06F}.Release|Any CPU.Build.0 = Release|Any CPU
		{F014BC3A-729C-4076-B0E0-F5E6A5975704}.Debug|Any CPU.ActiveCfg = Debug|Any CPU
		{F014BC3A-729C-4076-B0E0-F5E6A5975704}.Debug|Any CPU.Build.0 = Debug|Any CPU
		{F014BC3A-729C-4076-B0E0-F5E6A5975704}.Release|Any CPU.ActiveCfg = Release|Any CPU
		{F014BC3A-729C-4076-B0E0-F5E6A5975704}.Release|Any CPU.Build.0 = Release|Any CPU
		{E737484C-8C82-4470-9A2F-7E8FDEE2A6F6}.Debug|Any CPU.ActiveCfg = Debug|Any CPU
		{E737484C-8C82-4470-9A2F-7E8FDEE2A6F6}.Debug|Any CPU.Build.0 = Debug|Any CPU
		{E737484C-8C82-4470-9A2F-7E8FDEE2A6F6}.Release|Any CPU.ActiveCfg = Release|Any CPU
		{E737484C-8C82-4470-9A2F-7E8FDEE2A6F6}.Release|Any CPU.Build.0 = Release|Any CPU
		{DE6CE30F-B6B4-4D9B-9CDB-859C3FD3B5DB}.Debug|Any CPU.ActiveCfg = Debug|Any CPU
		{DE6CE30F-B6B4-4D9B-9CDB-859C3FD3B5DB}.Debug|Any CPU.Build.0 = Debug|Any CPU
		{DE6CE30F-B6B4-4D9B-9CDB-859C3FD3B5DB}.Release|Any CPU.ActiveCfg = Release|Any CPU
		{DE6CE30F-B6B4-4D9B-9CDB-859C3FD3B5DB}.Release|Any CPU.Build.0 = Release|Any CPU
		{4943A3A4-575A-47BB-AD3B-708216CFF59A}.Debug|Any CPU.ActiveCfg = Debug|Any CPU
		{4943A3A4-575A-47BB-AD3B-708216CFF59A}.Debug|Any CPU.Build.0 = Debug|Any CPU
		{4943A3A4-575A-47BB-AD3B-708216CFF59A}.Release|Any CPU.ActiveCfg = Release|Any CPU
		{4943A3A4-575A-47BB-AD3B-708216CFF59A}.Release|Any CPU.Build.0 = Release|Any CPU
	EndGlobalSection
	GlobalSection(SolutionProperties) = preSolution
		HideSolutionNode = FALSE
	EndGlobalSection
	GlobalSection(ExtensibilityGlobals) = postSolution
		SolutionGuid = {7B4A4FA4-E95F-4A6A-B774-969244CEF013}
	EndGlobalSection
EndGlobal
